
Microsoft Visual Studio Solution File, Format Version 12.00
# Visual Studio Version 17
VisualStudioVersion = 17.9.34723.18
MinimumVisualStudioVersion = 10.0.40219.1
Project("{FAE04EC0-301F-11D3-BF4B-00C04F79EFBC}") = "CSI 120 Lecture 13 Part 2 Notes", "CSI 120 Lecture 13 Part 2 Notes.csproj", "{09AB65D2-7087-441D-8736-47C324F2DE3D}"
EndProject
Global
	GlobalSection(SolutionConfigurationPlatforms) = preSolution
		Debug|Any CPU = Debug|Any CPU
		Release|Any CPU = Release|Any CPU
	EndGlobalSection
	GlobalSection(ProjectConfigurationPlatforms) = postSolution
		{09AB65D2-7087-441D-8736-47C324F2DE3D}.Debug|Any CPU.ActiveCfg = Debug|Any CPU
		{09AB65D2-7087-441D-8736-47C324F2DE3D}.Debug|Any CPU.Build.0 = Debug|Any CPU
		{09AB65D2-7087-441D-8736-47C324F2DE3D}.Release|Any CPU.ActiveCfg = Release|Any CPU
		{09AB65D2-7087-441D-8736-47C324F2DE3D}.Release|Any CPU.Build.0 = Release|Any CPU
	EndGlobalSection
	GlobalSection(SolutionProperties) = preSolution
		HideSolutionNode = FALSE
	EndGlobalSection
	GlobalSection(ExtensibilityGlobals) = postSolution
		SolutionGuid = {BB84E207-7382-4365-9332-288ADF94B990}
	EndGlobalSection
EndGlobal
